{
  "name": "tablecore-v2",
  "lockfileVersion": 3,
  "requires": true,
  "packages": {
    "": {
      "name": "tablecore-v2",
      "workspaces": [
        "packages/*",
        "games/*"
      ],
      "dependencies": {
        "immer": "^11.1.18"
      }
    },
    "games/coin-race": {
      "name": "@tablecore/game-coin-race",
      "version": "1.0.0",
      "dependencies": {
        "@tablecore/game-pack": "*"
      }
    },
    "games/grid-duel": {
      "name": "@tablecore/game-grid-duel",
      "version": "1.0.0"
    },
    "games/last-sector": {
      "name": "@tablecore/game-last-sector",
      "version": "1.0.0",
      "dependencies": {
        "@tablecore/content-sdk": "*",
        "@tablecore/core": "*",
        "@tablecore/game-pack": "*",
        "immer": "^11.1.18"
      },
      "devDependencies": {
        "@tablecore/protocol": "*",
        "@tablecore/server": "*",
        "@tablecore/transport-ws": "*"
      }
    },
    "games/phase-quest": {
      "name": "@tablecore/game-phase-quest",
      "version": "1.0.0",
      "dependencies": {
        "@tablecore/game-pack": "*"
      },
      "devDependencies": {
        "@tablecore/core": "*"
      }
    },
    "games/sector-expedition": {
      "name": "@tablecore/game-sector-expedition",
      "version": "0.1.0",
      "dependencies": {
        "@tablecore/authoring-sdk": "*",
        "@tablecore/content-sdk": "*"
      },
      "devDependencies": {
        "@tablecore/core": "*",
        "@tablecore/game-pack": "*",
        "@tablecore/protocol": "*",
        "@tablecore/server": "*"
      }
    },
    "node_modules/@tablecore/authoring-sdk": {
      "resolved": "packages/authoring-sdk",
      "link": true
    },
    "node_modules/@tablecore/authoring-studio": {
      "resolved": "packages/authoring-studio",
      "link": true
    },
    "node_modules/@tablecore/client-runtime": {
      "resolved": "packages/client-runtime",
      "link": true
    },
    "node_modules/@tablecore/content-sdk": {
      "resolved": "packages/content-sdk",
      "link": true
    },
    "node_modules/@tablecore/core": {
      "resolved": "packages/core",
      "link": true
    },
    "node_modules/@tablecore/game-api": {
      "resolved": "packages/game-api",
      "link": true
    },
    "node_modules/@tablecore/game-coin-race": {
      "resolved": "games/coin-race",
      "link": true
    },
    "node_modules/@tablecore/game-grid-duel": {
      "resolved": "games/grid-duel",
      "link": true
    },
    "node_modules/@tablecore/game-last-sector": {
      "resolved": "games/last-sector",
      "link": true
    },
    "node_modules/@tablecore/game-pack": {
      "resolved": "packages/game-pack",
      "link": true
    },
    "node_modules/@tablecore/game-phase-quest": {
      "resolved": "games/phase-quest",
      "link": true
    },
    "node_modules/@tablecore/game-sector-expedition": {
      "resolved": "games/sector-expedition",
      "link": true
    },
    "node_modules/@tablecore/launcher": {
      "resolved": "packages/launcher",
      "link": true
    },
    "node_modules/@tablecore/map-editor": {
      "resolved": "packages/map-editor",
      "link": true
    },
    "node_modules/@tablecore/observability": {
      "resolved": "packages/observability",
      "link": true
    },
    "node_modules/@tablecore/pack-linter": {
      "resolved": "packages/pack-linter",
      "link": true
    },
    "node_modules/@tablecore/presentation": {
      "resolved": "packages/presentation",
      "link": true
    },
    "node_modules/@tablecore/protocol": {
      "resolved": "packages/protocol",
      "link": true
    },
    "node_modules/@tablecore/reference-ui": {
      "resolved": "packages/reference-ui",
      "link": true
    },
    "node_modules/@tablecore/rules-editor": {
      "resolved": "packages/rules-editor",
      "link": true
    },
    "node_modules/@tablecore/server": {
      "resolved": "packages/server",
      "link": true
    },
    "node_modules/@tablecore/transport-ws": {
      "resolved": "packages/transport-ws",
      "link": true
    },
    "node_modules/@tablecore/worker-pool": {
      "resolved": "packages/worker-pool",
      "link": true
    },
    "node_modules/immer": {
      "version": "11.1.18",
      "resolved": "https://registry.npmjs.org/immer/-/immer-11.1.18.tgz",
      "integrity": "sha512-EQyQtLiYW029lyoczMl/Hh4Xu7cDecSc58JRYpHyL4tIAu3eqd1yJzQX04d2BZHDkzFFvm6qJEJWOtfDSWAXbQ==",
      "license": "MIT",
      "funding": {
        "type": "opencollective",
        "url": "https://opencollective.com/immer"
      }
    },
    "packages/authoring-sdk": {
      "name": "@tablecore/authoring-sdk",
      "version": "1.0.0"
    },
    "packages/authoring-studio": {
      "name": "@tablecore/authoring-studio",
      "version": "1.0.0",
      "dependencies": {
        "@tablecore/authoring-sdk": "*"
      }
    },
    "packages/client-runtime": {
      "name": "@tablecore/client-runtime",
      "version": "1.0.0",
      "dependencies": {
        "@tablecore/presentation": "*",
        "@tablecore/protocol": "*"
      }
    },
    "packages/content-sdk": {
      "name": "@tablecore/content-sdk",
      "version": "1.0.0"
    },
    "packages/core": {
      "name": "@tablecore/core",
      "version": "1.0.0",
      "dependencies": {
        "immer": "^11.1.18"
      },
      "devDependencies": {
        "@tablecore/game-coin-race": "*",
        "@tablecore/game-grid-duel": "*",
        "@tablecore/game-pack": "*",
        "@tablecore/game-phase-quest": "*",
        "@tablecore/game-sector-expedition": "*"
      }
    },
    "packages/game-api": {
      "name": "@tablecore/game-api",
      "version": "2.0.0-alpha.1"
    },
    "packages/game-pack": {
      "name": "@tablecore/game-pack",
      "version": "1.0.0",
      "dependencies": {
        "@tablecore/game-api": "*"
      },
      "devDependencies": {
        "@tablecore/core": "*",
        "@tablecore/game-coin-race": "*",
        "@tablecore/game-grid-duel": "*"
      }
    },
    "packages/launcher": {
      "name": "@tablecore/launcher",
      "version": "1.0.0"
    },
    "packages/map-editor": {
      "name": "@tablecore/map-editor",
      "version": "1.0.0"
    },
    "packages/observability": {
      "name": "@tablecore/observability",
      "version": "1.0.0"
    },
    "packages/pack-linter": {
      "name": "@tablecore/pack-linter",
      "version": "1.0.0",
      "dependencies": {
        "@tablecore/authoring-sdk": "*",
        "@tablecore/content-sdk": "*",
        "@tablecore/game-pack": "*"
      },
      "devDependencies": {
        "@tablecore/game-sector-expedition": "*"
      }
    },
    "packages/presentation": {
      "name": "@tablecore/presentation",
      "version": "1.0.0"
    },
    "packages/protocol": {
      "name": "@tablecore/protocol",
      "version": "1.0.0",
      "dependencies": {
        "@tablecore/core": "*"
      },
      "devDependencies": {
        "@tablecore/game-grid-duel": "*",
        "@tablecore/server": "*"
      }
    },
    "packages/reference-ui": {
      "name": "@tablecore/reference-ui",
      "version": "1.0.0"
    },
    "packages/rules-editor": {
      "name": "@tablecore/rules-editor",
      "version": "1.0.0"
    },
    "packages/server": {
      "name": "@tablecore/server",
      "version": "1.0.0",
      "dependencies": {
        "@tablecore/core": "*",
        "@tablecore/observability": "*"
      },
      "devDependencies": {
        "@tablecore/game-grid-duel": "*",
        "@tablecore/game-sector-expedition": "*"
      }
    },
    "packages/transport-ws": {
      "name": "@tablecore/transport-ws",
      "version": "1.0.0",
      "dependencies": {
        "@tablecore/observability": "*"
      },
      "devDependencies": {
        "@tablecore/game-grid-duel": "*",
        "@tablecore/game-sector-expedition": "*",
        "@tablecore/protocol": "*",
        "@tablecore/server": "*"
      }
    },
    "packages/worker-pool": {
      "name": "@tablecore/worker-pool",
      "version": "1.0.0",
      "dependencies": {
        "@tablecore/core": "*"
      },
      "devDependencies": {
        "@tablecore/protocol": "*",
        "@tablecore/transport-ws": "*"
      }
    }
  }
}
